
Microsoft Visual Studio Solution File, Format Version 12.00
# Visual Studio Version 16
VisualStudioVersion = 16.0.30717.126
MinimumVisualStudioVersion = 10.0.40219.1
Project("{FAE04EC0-301F-11D3-BF4B-00C04F79EFBC}") = "QA_ForumV2", "QA_ForumV2.csproj", "{1EB978F0-87AD-49EB-9B95-681A93CF874A}"
EndProject
Global
	GlobalSection(SolutionConfigurationPlatforms) = preSolution
		Debug|Any CPU = Debug|Any CPU
		Release|Any CPU = Release|Any CPU
	EndGlobalSection
	GlobalSection(ProjectConfigurationPlatforms) = postSolution
		{1EB978F0-87AD-49EB-9B95-681A93CF874A}.Debug|Any CPU.ActiveCfg = Debug|Any CPU
		{1EB978F0-87AD-49EB-9B95-681A93CF874A}.Debug|Any CPU.Build.0 = Debug|Any CPU
		{1EB978F0-87AD-49EB-9B95-681A93CF874A}.Release|Any CPU.ActiveCfg = Release|Any CPU
		{1EB978F0-87AD-49EB-9B95-681A93CF874A}.Release|Any CPU.Build.0 = Release|Any CPU
	EndGlobalSection
	GlobalSection(SolutionProperties) = preSolution
		HideSolutionNode = FALSE
	EndGlobalSection
	GlobalSection(ExtensibilityGlobals) = postSolution
		SolutionGuid = {35FC31EB-60D2-4467-A747-13F6037E6FA7}
	EndGlobalSection
EndGlobal
